
Microsoft Visual Studio Solution File, Format Version 12.00
# Visual Studio Version 17
VisualStudioVersion = 17.10.34916.146
MinimumVisualStudioVersion = 10.0.40219.1
Project("{FAE04EC0-301F-11D3-BF4B-00C04F79EFBC}") = "StructSample", "StructSample\StructSample.csproj", "{4C048675-8FA6-4441-BDDC-875EA1D6570A}"
EndProject
Global
	GlobalSection(SolutionConfigurationPlatforms) = preSolution
		Debug|Any CPU = Debug|Any CPU
		Release|Any CPU = Release|Any CPU
	EndGlobalSection
	GlobalSection(ProjectConfigurationPlatforms) = postSolution
		{4C048675-8FA6-4441-BDDC-875EA1D6570A}.Debug|Any CPU.ActiveCfg = Debug|Any CPU
		{4C048675-8FA6-4441-BDDC-875EA1D6570A}.Debug|Any CPU.Build.0 = Debug|Any CPU
		{4C048675-8FA6-4441-BDDC-875EA1D6570A}.Release|Any CPU.ActiveCfg = Release|Any CPU
		{4C048675-8FA6-4441-BDDC-875EA1D6570A}.Release|Any CPU.Build.0 = Release|Any CPU
	EndGlobalSection
	GlobalSection(SolutionProperties) = preSolution
		HideSolutionNode = FALSE
	EndGlobalSection
	GlobalSection(ExtensibilityGlobals) = postSolution
		SolutionGuid = {69DC19D6-5E39-4A47-8C30-BC1004CD891B}
	EndGlobalSection
EndGlobal
